
Microsoft Visual Studio Solution File, Format Version 12.00
# Visual Studio 15
VisualStudioVersion = 15.0.28307.645
MinimumVisualStudioVersion = 10.0.40219.1
Project("{FAE04EC0-301F-11D3-BF4B-00C04F79EFBC}") = "assignment1", "assignment1\assignment1.csproj", "{333AEB99-F01A-4AB3-8BE2-249AEE98B5EE}"
EndProject
Global
	GlobalSection(SolutionConfigurationPlatforms) = preSolution
		Debug|ARM = Debug|ARM
		Debug|ARM64 = Debug|ARM64
		Debug|x64 = Debug|x64
		Debug|x86 = Debug|x86
		Release|ARM = Release|ARM
		Release|ARM64 = Release|ARM64
		Release|x64 = Release|x64
		Release|x86 = Release|x86
	EndGlobalSection
	GlobalSection(ProjectConfigurationPlatforms) = postSolution
		{333AEB99-F01A-4AB3-8BE2-249AEE98B5EE}.Debug|ARM.ActiveCfg = Debug|ARM
		{333AEB99-F01A-4AB3-8BE2-249AEE98B5EE}.Debug|ARM.Build.0 = Debug|ARM
		{333AEB99-F01A-4AB3-8BE2-249AEE98B5EE}.Debug|ARM.Deploy.0 = Debug|ARM
		{333AEB99-F01A-4AB3-8BE2-249AEE98B5EE}.Debug|ARM64.ActiveCfg = Debug|ARM64
		{333AEB99-F01A-4AB3-8BE2-249AEE98B5EE}.Debug|ARM64.Build.0 = Debug|ARM64
		{333AEB99-F01A-4AB3-8BE2-249AEE98B5EE}.Debug|ARM64.Deploy.0 = Debug|ARM64
		{333AEB99-F01A-4AB3-8BE2-249AEE98B5EE}.Debug|x64.ActiveCfg = Debug|x64
		{333AEB99-F01A-4AB3-8BE2-249AEE98B5EE}.Debug|x64.Build.0 = Debug|x64
		{333AEB99-F01A-4AB3-8BE2-249AEE98B5EE}.Debug|x64.Deploy.0 = Debug|x64
		{333AEB99-F01A-4AB3-8BE2-249AEE98B5EE}.Debug|x86.ActiveCfg = Debug|x86
		{333AEB99-F01A-4AB3-8BE2-249AEE98B5EE}.Debug|x86.Build.0 = Debug|x86
		{333AEB99-F01A-4AB3-8BE2-249AEE98B5EE}.Debug|x86.Deploy.0 = Debug|x86
		{333AEB99-F01A-4AB3-8BE2-249AEE98B5EE}.Release|ARM.ActiveCfg = Release|ARM
		{333AEB99-F01A-4AB3-8BE2-249AEE98B5EE}.Release|ARM.Build.0 = Release|ARM
		{333AEB99-F01A-4AB3-8BE2-249AEE98B5EE}.Release|ARM.Deploy.0 = Release|ARM
		{333AEB99-F01A-4AB3-8BE2-249AEE98B5EE}.Release|ARM64.ActiveCfg = Release|ARM64
		{333AEB99-F01A-4AB3-8BE2-249AEE98B5EE}.Release|ARM64.Build.0 = Release|ARM64
		{333AEB99-F01A-4AB3-8BE2-249AEE98B5EE}.Release|ARM64.Deploy.0 = Release|ARM64
		{333AEB99-F01A-4AB3-8BE2-249AEE98B5EE}.Release|x64.ActiveCfg = Release|x64
		{333AEB99-F01A-4AB3-8BE2-249AEE98B5EE}.Release|x64.Build.0 = Release|x64
		{333AEB99-F01A-4AB3-8BE2-249AEE98B5EE}.Release|x64.Deploy.0 = Release|x64
		{333AEB99-F01A-4AB3-8BE2-249AEE98B5EE}.Release|x86.ActiveCfg = Release|x86
		{333AEB99-F01A-4AB3-8BE2-249AEE98B5EE}.Release|x86.Build.0 = Release|x86
		{333AEB99-F01A-4AB3-8BE2-249AEE98B5EE}.Release|x86.Deploy.0 = Release|x86
	EndGlobalSection
	GlobalSection(SolutionProperties) = preSolution
		HideSolutionNode = FALSE
	EndGlobalSection
	GlobalSection(ExtensibilityGlobals) = postSolution
		SolutionGuid = {69E03AB4-70B3-4CD3-B54C-B15E10355F52}
	EndGlobalSection
EndGlobal
